
Microsoft Visual Studio Solution File, Format Version 12.00
# Visual Studio 15
VisualStudioVersion = 15.0.27130.2024
MinimumVisualStudioVersion = 10.0.40219.1
Project("{FAE04EC0-301F-11D3-BF4B-00C04F79EFBC}") = "ASP_web_app_boilerplate", "ASP_web_app_boilerplate\ASP_web_app_boilerplate.csproj", "{3333213E-2AF4-4436-8226-36F147BC81F7}"
EndProject
Global
	GlobalSection(SolutionConfigurationPlatforms) = preSolution
		Debug|Any CPU = Debug|Any CPU
		Release|Any CPU = Release|Any CPU
	EndGlobalSection
	GlobalSection(ProjectConfigurationPlatforms) = postSolution
		{3333213E-2AF4-4436-8226-36F147BC81F7}.Debug|Any CPU.ActiveCfg = Debug|Any CPU
		{3333213E-2AF4-4436-8226-36F147BC81F7}.Debug|Any CPU.Build.0 = Debug|Any CPU
		{3333213E-2AF4-4436-8226-36F147BC81F7}.Release|Any CPU.ActiveCfg = Release|Any CPU
		{3333213E-2AF4-4436-8226-36F147BC81F7}.Release|Any CPU.Build.0 = Release|Any CPU
	EndGlobalSection
	GlobalSection(SolutionProperties) = preSolution
		HideSolutionNode = FALSE
	EndGlobalSection
	GlobalSection(ExtensibilityGlobals) = postSolution
		SolutionGuid = {BE9D9DFB-A32E-4360-9D9A-649BA873F176}
	EndGlobalSection
EndGlobal
